
Microsoft Visual Studio Solution File, Format Version 12.00
# Visual Studio 14
VisualStudioVersion = 14.0.25420.1
MinimumVisualStudioVersion = 10.0.40219.1
Project("{2150E333-8FDC-42A3-9474-1A3956D46DE8}") = "src", "src", "{26841C81-E188-4DF1-A982-1E51E4D7A087}"
EndProject
Project("{2150E333-8FDC-42A3-9474-1A3956D46DE8}") = "Solution Items", "Solution Items", "{AFC40347-02D5-4A58-A83A-6C9D653DF9A0}"
	ProjectSection(SolutionItems) = preProject
		global.json = global.json
	EndProjectSection
EndProject
Project("{8BB2217D-0F2D-49D1-97BC-3654ED321F3B}") = "HotelCoreTest", "src\HotelCoreTest\HotelCoreTest.xproj", "{814828F5-F190-4C1F-B6C8-AB21E307A650}"
EndProject
Project("{8BB2217D-0F2D-49D1-97BC-3654ED321F3B}") = "HotelCoreTest.Services", "src\HotelCoreTest.Services\HotelCoreTest.Services.xproj", "{AACDCA0D-3404-4B13-89F5-441FD80F159B}"
EndProject
Project("{8BB2217D-0F2D-49D1-97BC-3654ED321F3B}") = "HotelCoreTest.ViewModels", "src\HotelCoreTest.ViewModels\HotelCoreTest.ViewModels.xproj", "{048F7988-70A3-47ED-B542-E31A5CE64CAC}"
EndProject
Project("{8BB2217D-0F2D-49D1-97BC-3654ED321F3B}") = "HotelCoreTest.DomainModels", "src\HotelCoreTest.DomainModels\HotelCoreTest.DomainModels.xproj", "{6D7B51DC-EFF2-4A7F-8BF3-96198494B38E}"
EndProject
Project("{8BB2217D-0F2D-49D1-97BC-3654ED321F3B}") = "HotelCoreTest.DataModels", "src\HotelCoreTest.DataModels\HotelCoreTest.DataModels.xproj", "{5DEF7A51-6D5D-412B-8B53-63A98226C699}"
EndProject
Project("{8BB2217D-0F2D-49D1-97BC-3654ED321F3B}") = "HotelCoreTest.Data.Context", "src\HotelCoreTest.Data.Context\HotelCoreTest.Data.Context.xproj", "{1264F571-DE20-4D5E-9350-ECFCAD714CF4}"
EndProject
Project("{8BB2217D-0F2D-49D1-97BC-3654ED321F3B}") = "HotelCoreTest.Data.Configuration", "src\HotelCoreTest.Data.Configuration\HotelCoreTest.Data.Configuration.xproj", "{E4C859D1-6487-4457-B22C-187BA1E870C4}"
EndProject
Project("{8BB2217D-0F2D-49D1-97BC-3654ED321F3B}") = "HotelCoreTest.Data.Repository", "src\HotelCoreTest.Data.Repository\HotelCoreTest.Data.Repository.xproj", "{7A477A7B-3731-4C8F-909D-9C7D6DCF7849}"
EndProject
Project("{2150E333-8FDC-42A3-9474-1A3956D46DE8}") = "Data", "Data", "{4DF6BE86-8952-4EDD-AF14-AA105E11C0DE}"
EndProject
Project("{2150E333-8FDC-42A3-9474-1A3956D46DE8}") = "Models", "Models", "{09592623-E0F3-47D1-95D1-BFD1F046CE1B}"
EndProject
Project("{2150E333-8FDC-42A3-9474-1A3956D46DE8}") = "Services", "Services", "{26D17A77-D441-49D7-9A13-0D1BBBF7428A}"
EndProject
Project("{8BB2217D-0F2D-49D1-97BC-3654ED321F3B}") = "HotelCoreTest.DTOs", "HotelCoreTest.DTOs\HotelCoreTest.DTOs.xproj", "{D5DC9016-E4FA-4843-ABED-6115D6BD418C}"
EndProject
Project("{2150E333-8FDC-42A3-9474-1A3956D46DE8}") = "Interfaces", "Interfaces", "{021EE7ED-B1D7-4BC9-9CF7-B9E3D1EAA8E6}"
EndProject
Project("{8BB2217D-0F2D-49D1-97BC-3654ED321F3B}") = "HotelCoreTest.Data.Access", "HotelCoreTest.Data.Access\HotelCoreTest.Data.Access.xproj", "{5A4354C4-C781-4116-A5EE-60EA0410D779}"
EndProject
Project("{2150E333-8FDC-42A3-9474-1A3956D46DE8}") = "Shared", "Shared", "{3F8C029A-E0D5-4133-8573-4199EBA97AC8}"
EndProject
Project("{2150E333-8FDC-42A3-9474-1A3956D46DE8}") = "Tests", "Tests", "{A4C98EFF-7CA2-4FA2-B5FB-BF3E01AD9591}"
EndProject
Global
	GlobalSection(SolutionConfigurationPlatforms) = preSolution
		Debug|Any CPU = Debug|Any CPU
		Release|Any CPU = Release|Any CPU
	EndGlobalSection
	GlobalSection(ProjectConfigurationPlatforms) = postSolution
		{814828F5-F190-4C1F-B6C8-AB21E307A650}.Debug|Any CPU.ActiveCfg = Debug|Any CPU
		{814828F5-F190-4C1F-B6C8-AB21E307A650}.Debug|Any CPU.Build.0 = Debug|Any CPU
		{814828F5-F190-4C1F-B6C8-AB21E307A650}.Release|Any CPU.ActiveCfg = Release|Any CPU
		{814828F5-F190-4C1F-B6C8-AB21E307A650}.Release|Any CPU.Build.0 = Release|Any CPU
		{AACDCA0D-3404-4B13-89F5-441FD80F159B}.Debug|Any CPU.ActiveCfg = Debug|Any CPU
		{AACDCA0D-3404-4B13-89F5-441FD80F159B}.Debug|Any CPU.Build.0 = Debug|Any CPU
		{AACDCA0D-3404-4B13-89F5-441FD80F159B}.Release|Any CPU.ActiveCfg = Release|Any CPU
		{AACDCA0D-3404-4B13-89F5-441FD80F159B}.Release|Any CPU.Build.0 = Release|Any CPU
		{048F7988-70A3-47ED-B542-E31A5CE64CAC}.Debug|Any CPU.ActiveCfg = Debug|Any CPU
		{048F7988-70A3-47ED-B542-E31A5CE64CAC}.Debug|Any CPU.Build.0 = Debug|Any CPU
		{048F7988-70A3-47ED-B542-E31A5CE64CAC}.Release|Any CPU.ActiveCfg = Release|Any CPU
		{048F7988-70A3-47ED-B542-E31A5CE64CAC}.Release|Any CPU.Build.0 = Release|Any CPU
		{6D7B51DC-EFF2-4A7F-8BF3-96198494B38E}.Debug|Any CPU.ActiveCfg = Debug|Any CPU
		{6D7B51DC-EFF2-4A7F-8BF3-96198494B38E}.Debug|Any CPU.Build.0 = Debug|Any CPU
		{6D7B51DC-EFF2-4A7F-8BF3-96198494B38E}.Release|Any CPU.ActiveCfg = Release|Any CPU
		{6D7B51DC-EFF2-4A7F-8BF3-96198494B38E}.Release|Any CPU.Build.0 = Release|Any CPU
		{5DEF7A51-6D5D-412B-8B53-63A98226C699}.Debug|Any CPU.ActiveCfg = Debug|Any CPU
		{5DEF7A51-6D5D-412B-8B53-63A98226C699}.Debug|Any CPU.Build.0 = Debug|Any CPU
		{5DEF7A51-6D5D-412B-8B53-63A98226C699}.Release|Any CPU.ActiveCfg = Release|Any CPU
		{5DEF7A51-6D5D-412B-8B53-63A98226C699}.Release|Any CPU.Build.0 = Release|Any CPU
		{1264F571-DE20-4D5E-9350-ECFCAD714CF4}.Debug|Any CPU.ActiveCfg = Debug|Any CPU
		{1264F571-DE20-4D5E-9350-ECFCAD714CF4}.Debug|Any CPU.Build.0 = Debug|Any CPU
		{1264F571-DE20-4D5E-9350-ECFCAD714CF4}.Release|Any CPU.ActiveCfg = Release|Any CPU
		{1264F571-DE20-4D5E-9350-ECFCAD714CF4}.Release|Any CPU.Build.0 = Release|Any CPU
		{E4C859D1-6487-4457-B22C-187BA1E870C4}.Debug|Any CPU.ActiveCfg = Debug|Any CPU
		{E4C859D1-6487-4457-B22C-187BA1E870C4}.Debug|Any CPU.Build.0 = Debug|Any CPU
		{E4C859D1-6487-4457-B22C-187BA1E870C4}.Release|Any CPU.ActiveCfg = Release|Any CPU
		{E4C859D1-6487-4457-B22C-187BA1E870C4}.Release|Any CPU.Build.0 = Release|Any CPU
		{7A477A7B-3731-4C8F-909D-9C7D6DCF7849}.Debug|Any CPU.ActiveCfg = Debug|Any CPU
		{7A477A7B-3731-4C8F-909D-9C7D6DCF7849}.Debug|Any CPU.Build.0 = Debug|Any CPU
		{7A477A7B-3731-4C8F-909D-9C7D6DCF7849}.Release|Any CPU.ActiveCfg = Release|Any CPU
		{7A477A7B-3731-4C8F-909D-9C7D6DCF7849}.Release|Any CPU.Build.0 = Release|Any CPU
		{D5DC9016-E4FA-4843-ABED-6115D6BD418C}.Debug|Any CPU.ActiveCfg = Debug|Any CPU
		{D5DC9016-E4FA-4843-ABED-6115D6BD418C}.Debug|Any CPU.Build.0 = Debug|Any CPU
		{D5DC9016-E4FA-4843-ABED-6115D6BD418C}.Release|Any CPU.ActiveCfg = Release|Any CPU
		{D5DC9016-E4FA-4843-ABED-6115D6BD418C}.Release|Any CPU.Build.0 = Release|Any CPU
		{5A4354C4-C781-4116-A5EE-60EA0410D779}.Debug|Any CPU.ActiveCfg = Debug|Any CPU
		{5A4354C4-C781-4116-A5EE-60EA0410D779}.Debug|Any CPU.Build.0 = Debug|Any CPU
		{5A4354C4-C781-4116-A5EE-60EA0410D779}.Release|Any CPU.ActiveCfg = Release|Any CPU
		{5A4354C4-C781-4116-A5EE-60EA0410D779}.Release|Any CPU.Build.0 = Release|Any CPU
	EndGlobalSection
	GlobalSection(SolutionProperties) = preSolution
		HideSolutionNode = FALSE
	EndGlobalSection
	GlobalSection(NestedProjects) = preSolution
		{814828F5-F190-4C1F-B6C8-AB21E307A650} = {26841C81-E188-4DF1-A982-1E51E4D7A087}
		{AACDCA0D-3404-4B13-89F5-441FD80F159B} = {26D17A77-D441-49D7-9A13-0D1BBBF7428A}
		{048F7988-70A3-47ED-B542-E31A5CE64CAC} = {09592623-E0F3-47D1-95D1-BFD1F046CE1B}
		{6D7B51DC-EFF2-4A7F-8BF3-96198494B38E} = {09592623-E0F3-47D1-95D1-BFD1F046CE1B}
		{5DEF7A51-6D5D-412B-8B53-63A98226C699} = {09592623-E0F3-47D1-95D1-BFD1F046CE1B}
		{1264F571-DE20-4D5E-9350-ECFCAD714CF4} = {4DF6BE86-8952-4EDD-AF14-AA105E11C0DE}
		{E4C859D1-6487-4457-B22C-187BA1E870C4} = {4DF6BE86-8952-4EDD-AF14-AA105E11C0DE}
		{7A477A7B-3731-4C8F-909D-9C7D6DCF7849} = {4DF6BE86-8952-4EDD-AF14-AA105E11C0DE}
		{4DF6BE86-8952-4EDD-AF14-AA105E11C0DE} = {26841C81-E188-4DF1-A982-1E51E4D7A087}
		{09592623-E0F3-47D1-95D1-BFD1F046CE1B} = {26841C81-E188-4DF1-A982-1E51E4D7A087}
		{26D17A77-D441-49D7-9A13-0D1BBBF7428A} = {26841C81-E188-4DF1-A982-1E51E4D7A087}
		{D5DC9016-E4FA-4843-ABED-6115D6BD418C} = {09592623-E0F3-47D1-95D1-BFD1F046CE1B}
		{021EE7ED-B1D7-4BC9-9CF7-B9E3D1EAA8E6} = {26841C81-E188-4DF1-A982-1E51E4D7A087}
		{5A4354C4-C781-4116-A5EE-60EA0410D779} = {4DF6BE86-8952-4EDD-AF14-AA105E11C0DE}
		{3F8C029A-E0D5-4133-8573-4199EBA97AC8} = {26841C81-E188-4DF1-A982-1E51E4D7A087}
		{A4C98EFF-7CA2-4FA2-B5FB-BF3E01AD9591} = {26841C81-E188-4DF1-A982-1E51E4D7A087}
	EndGlobalSection
EndGlobal
